PODS:
  - FBSnapshotTestCase (2.0.2):
    - FBSnapshotTestCase/SwiftSupport (= 2.0.2)
  - FBSnapshotTestCase/Core (2.0.2)
  - FBSnapshotTestCase/SwiftSupport (2.0.2):
    - FBSnapshotTestCase/Core
  - LwOneWeekCalendar (0.1.0)

DEPENDENCIES:
  - FBSnapshotTestCase
  - LwOneWeekCalendar (from `../`)

EXTERNAL SOURCES:
  LwOneWeekCalendar:
    :path: ../

SPEC CHECKSUMS:
  FBSnapshotTestCase: fd500d5b282c4ec60215d26d0b58b0cf271dd0d6
  LwOneWeekCalendar: e35065852757dba39df7dad51656e72c20329f4d

COCOAPODS: 0.37.2
